# This file is automatically @generated by Cargo.
# It is not intended for manual editing.
version = 4

[[package]]
name = "advent2024"
version = "0.1.0"

[[package]]
name = "day-01"
version = "0.1.0"
dependencies = [
 "advent2024",
]

[[package]]
name = "day-02"
version = "0.1.0"
dependencies = [
 "advent2024",
]
